
Microsoft Visual Studio Solution File, Format Version 12.00
# Visual Studio Version 17
VisualStudioVersion = 17.7.34024.191
MinimumVisualStudioVersion = 10.0.40219.1
Project("{2150E333-8FDC-42A3-9474-1A3956D46DE8}") = "src", "src", "{D6C31635-5855-42B6-B7FE-662D22CAA4DD}"
EndProject
Project("{2150E333-8FDC-42A3-9474-1A3956D46DE8}") = "test", "test", "{9F1A1B00-4812-4C13-A7E9-CEC9AAB73E61}"
EndProject
Project("{2150E333-8FDC-42A3-9474-1A3956D46DE8}") = "ApiGateways", "ApiGateways", "{C061FD64-42A9-4722-AB3F-D9C1F168E843}"
EndProject
Project("{9A19103F-16F7-4668-BE54-9A1E7A4F7556}") = "ApiWebGateway", "ApiWebGateway\ApiWebGateway.csproj", "{4DB3C3BB-C2AA-48A6-A937-25B4B2990748}"
EndProject
Project("{2150E333-8FDC-42A3-9474-1A3956D46DE8}") = "Utils", "Utils", "{AC6EA50F-DE1F-4CEE-B305-46835B26391E}"
EndProject
Project("{2150E333-8FDC-42A3-9474-1A3956D46DE8}") = "GlobalExceptionHandler", "GlobalExceptionHandler", "{8E85D6CE-6774-4347-9017-AAC270A4A422}"
EndProject
Project("{9A19103F-16F7-4668-BE54-9A1E7A4F7556}") = "GlobalExceptionHandlerNew", "GlobalExceptionHandlerNew\GlobalExceptionHandlerNew.csproj", "{5022F14F-56A2-4B3F-BB99-B4AF4690D5C6}"
EndProject
Project("{2150E333-8FDC-42A3-9474-1A3956D46DE8}") = "ExceptionClass", "ExceptionClass", "{00880DF1-DD60-451D-8CC4-01BA388B8063}"
EndProject
Project("{9A19103F-16F7-4668-BE54-9A1E7A4F7556}") = "ExceptionModel", "ExceptionModel\ExceptionModel.csproj", "{3593C26E-A327-42E8-8AC7-A11DA3134E91}"
EndProject
Project("{2150E333-8FDC-42A3-9474-1A3956D46DE8}") = "Logging", "Logging", "{AC5E4CC7-97BA-4D80-8EA9-4A94FECCF1A4}"
EndProject
Project("{FAE04EC0-301F-11D3-BF4B-00C04F79EFBC}") = "LoggingConfiguration", "LoggingConfiguration\LoggingConfiguration.csproj", "{A47774B2-0AC9-44EA-8B36-2D1E0AF5C66E}"
EndProject
Project("{2150E333-8FDC-42A3-9474-1A3956D46DE8}") = "WebApi", "WebApi", "{ADCF8AF6-E010-4E34-AD11-15A7905328D8}"
EndProject
Project("{2150E333-8FDC-42A3-9474-1A3956D46DE8}") = "Secrets", "Secrets", "{60D35BF2-DBB3-4414-BF38-44D05A2226D1}"
	ProjectSection(SolutionItems) = preProject
		databases.secret.json = databases.secret.json
	EndProjectSection
EndProject
Project("{FAE04EC0-301F-11D3-BF4B-00C04F79EFBC}") = "WebShopApi", "WebShopApi\WebShopApi.csproj", "{1B9EA2EE-B4A8-4963-9CEB-12975D365094}"
EndProject
Global
	GlobalSection(SolutionConfigurationPlatforms) = preSolution
		Debug|Any CPU = Debug|Any CPU
		Release|Any CPU = Release|Any CPU
	EndGlobalSection
	GlobalSection(ProjectConfigurationPlatforms) = postSolution
		{4DB3C3BB-C2AA-48A6-A937-25B4B2990748}.Debug|Any CPU.ActiveCfg = Debug|Any CPU
		{4DB3C3BB-C2AA-48A6-A937-25B4B2990748}.Debug|Any CPU.Build.0 = Debug|Any CPU
		{4DB3C3BB-C2AA-48A6-A937-25B4B2990748}.Release|Any CPU.ActiveCfg = Release|Any CPU
		{4DB3C3BB-C2AA-48A6-A937-25B4B2990748}.Release|Any CPU.Build.0 = Release|Any CPU
		{5022F14F-56A2-4B3F-BB99-B4AF4690D5C6}.Debug|Any CPU.ActiveCfg = Debug|Any CPU
		{5022F14F-56A2-4B3F-BB99-B4AF4690D5C6}.Debug|Any CPU.Build.0 = Debug|Any CPU
		{5022F14F-56A2-4B3F-BB99-B4AF4690D5C6}.Release|Any CPU.ActiveCfg = Release|Any CPU
		{5022F14F-56A2-4B3F-BB99-B4AF4690D5C6}.Release|Any CPU.Build.0 = Release|Any CPU
		{3593C26E-A327-42E8-8AC7-A11DA3134E91}.Debug|Any CPU.ActiveCfg = Debug|Any CPU
		{3593C26E-A327-42E8-8AC7-A11DA3134E91}.Debug|Any CPU.Build.0 = Debug|Any CPU
		{3593C26E-A327-42E8-8AC7-A11DA3134E91}.Release|Any CPU.ActiveCfg = Release|Any CPU
		{3593C26E-A327-42E8-8AC7-A11DA3134E91}.Release|Any CPU.Build.0 = Release|Any CPU
		{A47774B2-0AC9-44EA-8B36-2D1E0AF5C66E}.Debug|Any CPU.ActiveCfg = Debug|Any CPU
		{A47774B2-0AC9-44EA-8B36-2D1E0AF5C66E}.Debug|Any CPU.Build.0 = Debug|Any CPU
		{A47774B2-0AC9-44EA-8B36-2D1E0AF5C66E}.Release|Any CPU.ActiveCfg = Release|Any CPU
		{A47774B2-0AC9-44EA-8B36-2D1E0AF5C66E}.Release|Any CPU.Build.0 = Release|Any CPU
		{1B9EA2EE-B4A8-4963-9CEB-12975D365094}.Debug|Any CPU.ActiveCfg = Debug|Any CPU
		{1B9EA2EE-B4A8-4963-9CEB-12975D365094}.Debug|Any CPU.Build.0 = Debug|Any CPU
		{1B9EA2EE-B4A8-4963-9CEB-12975D365094}.Release|Any CPU.ActiveCfg = Release|Any CPU
		{1B9EA2EE-B4A8-4963-9CEB-12975D365094}.Release|Any CPU.Build.0 = Release|Any CPU
	EndGlobalSection
	GlobalSection(SolutionProperties) = preSolution
		HideSolutionNode = FALSE
	EndGlobalSection
	GlobalSection(NestedProjects) = preSolution
		{C061FD64-42A9-4722-AB3F-D9C1F168E843} = {D6C31635-5855-42B6-B7FE-662D22CAA4DD}
		{4DB3C3BB-C2AA-48A6-A937-25B4B2990748} = {C061FD64-42A9-4722-AB3F-D9C1F168E843}
		{AC6EA50F-DE1F-4CEE-B305-46835B26391E} = {D6C31635-5855-42B6-B7FE-662D22CAA4DD}
		{8E85D6CE-6774-4347-9017-AAC270A4A422} = {AC6EA50F-DE1F-4CEE-B305-46835B26391E}
		{5022F14F-56A2-4B3F-BB99-B4AF4690D5C6} = {8E85D6CE-6774-4347-9017-AAC270A4A422}
		{00880DF1-DD60-451D-8CC4-01BA388B8063} = {AC6EA50F-DE1F-4CEE-B305-46835B26391E}
		{3593C26E-A327-42E8-8AC7-A11DA3134E91} = {00880DF1-DD60-451D-8CC4-01BA388B8063}
		{AC5E4CC7-97BA-4D80-8EA9-4A94FECCF1A4} = {AC6EA50F-DE1F-4CEE-B305-46835B26391E}
		{A47774B2-0AC9-44EA-8B36-2D1E0AF5C66E} = {AC5E4CC7-97BA-4D80-8EA9-4A94FECCF1A4}
		{ADCF8AF6-E010-4E34-AD11-15A7905328D8} = {D6C31635-5855-42B6-B7FE-662D22CAA4DD}
		{60D35BF2-DBB3-4414-BF38-44D05A2226D1} = {D6C31635-5855-42B6-B7FE-662D22CAA4DD}
		{1B9EA2EE-B4A8-4963-9CEB-12975D365094} = {ADCF8AF6-E010-4E34-AD11-15A7905328D8}
	EndGlobalSection
	GlobalSection(ExtensibilityGlobals) = postSolution
		SolutionGuid = {AC7CCD9A-604A-4923-B78E-7700C339AE94}
	EndGlobalSection
EndGlobal
